dependencies:
- name: rabbitmq
  repository: https://charts.bitnami.com/bitnami
  version: 12.15.0
- name: rabbitmq
  repository: https://charts.bitnami.com/bitnami
  version: 12.15.0
- name: postgresql
  repository: https://charts.bitnami.com/bitnami
  version: 12.12.10
digest: sha256:741207f3794b5848aa1364a2488b96551bfc0a1caae7602c5556556c782e1e5c
generated: "2024-07-30T21:04:17.94958+02:00"
